
Microsoft Visual Studio Solution File, Format Version 12.00
# Visual Studio Version 17
VisualStudioVersion = 17.6.33723.286
MinimumVisualStudioVersion = 10.0.40219.1
Project("{FAE04EC0-301F-11D3-BF4B-00C04F79EFBC}") = "MultiThreading", "MultiThreading.csproj", "{FDC27260-9920-432A-8951-AE722B847057}"
EndProject
Global
	GlobalSection(SolutionConfigurationPlatforms) = preSolution
		Debug|Any CPU = Debug|Any CPU
		Release|Any CPU = Release|Any CPU
	EndGlobalSection
	GlobalSection(ProjectConfigurationPlatforms) = postSolution
		{FDC27260-9920-432A-8951-AE722B847057}.Debug|Any CPU.ActiveCfg = Debug|Any CPU
		{FDC27260-9920-432A-8951-AE722B847057}.Debug|Any CPU.Build.0 = Debug|Any CPU
		{FDC27260-9920-432A-8951-AE722B847057}.Release|Any CPU.ActiveCfg = Release|Any CPU
		{FDC27260-9920-432A-8951-AE722B847057}.Release|Any CPU.Build.0 = Release|Any CPU
	EndGlobalSection
	GlobalSection(SolutionProperties) = preSolution
		HideSolutionNode = FALSE
	EndGlobalSection
	GlobalSection(ExtensibilityGlobals) = postSolution
		SolutionGuid = {9619459B-6210-4AFD-8680-61D70D0CCA4C}
	EndGlobalSection
EndGlobal
